// !$*UTF8*$!
{
	archiveVersion = 1;
	classes = {
	};
	objectVersion = 46;
	objects = {

/* Begin PBXBuildFile section */
		0E730AAE1AC2F53A00E09E7E /* main.m in Sources */ = {isa = PBXBuildFile; fileRef = 0E730AAD1AC2F53A00E09E7E /* main.m */; };
		0E730AB11AC2F53A00E09E7E /* AppDelegate.m in Sources */ = {isa = PBXBuildFile; fileRef = 0E730AB01AC2F53A00E09E7E /* AppDelegate.m */; };
		0E730AB41AC2F53A00E09E7E /* ViewController.m in Sources */ = {isa = PBXBuildFile; fileRef = 0E730AB31AC2F53A00E09E7E /* ViewController.m */; };
		0E730AB71AC2F53A00E09E7E /* Main.storyboard in Resources */ = {isa = PBXBuildFile; fileRef = 0E730AB51AC2F53A00E09E7E /* Main.storyboard */; };
		0E730AB91AC2F53A00E09E7E /* Images.xcassets in Resources */ = {isa = PBXBuildFile; fileRef = 0E730AB81AC2F53A00E09E7E /* Images.xcassets */; };
		0E730ABC1AC2F53A00E09E7E /* LaunchScreen.xib in Resources */ = {isa = PBXBuildFile; fileRef = 0E730ABA1AC2F53A00E09E7E /* LaunchScreen.xib */; };
		0E730AC81AC2F53A00E09E7E /* HagoitaProjectTests.m in Sources */ = {isa = PBXBuildFile; fileRef = 0E730AC71AC2F53A00E09E7E /* HagoitaProjectTests.m */; };
		0E730ADB1AC2F5BF00E09E7E /* HagoitaKit.h in Headers */ = {isa = PBXBuildFile; fileRef = 0E730ADA1AC2F5BF00E09E7E /* HagoitaKit.h */; settings = {ATTRIBUTES = (Public, ); }; };
		0E730AE11AC2F5BF00E09E7E /* HagoitaKit.framework in Frameworks */ = {isa = PBXBuildFile; fileRef = 0E730AD61AC2F5BF00E09E7E /* HagoitaKit.framework */; };
		0E730AEA1AC2F5BF00E09E7E /* HagoitaKitTests.m in Sources */ = {isa = PBXBuildFile; fileRef = 0E730AE91AC2F5BF00E09E7E /* HagoitaKitTests.m */; };
		0E730AED1AC2F5BF00E09E7E /* HagoitaKit.framework in Frameworks */ = {isa = PBXBuildFile; fileRef = 0E730AD61AC2F5BF00E09E7E /* HagoitaKit.framework */; };
		0E730AEE1AC2F5BF00E09E7E /* HagoitaKit.framework in Embed Frameworks */ = {isa = PBXBuildFile; fileRef = 0E730AD61AC2F5BF00E09E7E /* HagoitaKit.framework */; settings = {ATTRIBUTES = (CodeSignOnCopy, RemoveHeadersOnCopy, ); }; };
		0E730AFC1AC4CDEA00E09E7E /* index.html in Resources */ = {isa = PBXBuildFile; fileRef = 0E730AFB1AC4CDEA00E09E7E /* index.html */; };
		0E730AFF1AC5823500E09E7E /* HKURLProtocol.m in Sources */ = {isa = PBXBuildFile; fileRef = 0E730AFE1AC5823500E09E7E /* HKURLProtocol.m */; };
		0E730B021AC5996700E09E7E /* HKRESTServer.h in Headers */ = {isa = PBXBuildFile; fileRef = 0E730B001AC5996700E09E7E /* HKRESTServer.h */; };
		0E730B031AC5996700E09E7E /* HKRESTServer.m in Sources */ = {isa = PBXBuildFile; fileRef = 0E730B011AC5996700E09E7E /* HKRESTServer.m */; };
/* End PBXBuildFile section */

/* Begin PBXContainerItemProxy section */
		0E730AC21AC2F53A00E09E7E /* PBXContainerItemProxy */ = {
			isa = PBXContainerItemProxy;
			containerPortal = 0E730AA01AC2F53A00E09E7E /* Project object */;
			proxyType = 1;
			remoteGlobalIDString = 0E730AA71AC2F53A00E09E7E;
			remoteInfo = HagoitaProject;
		};
		0E730AE21AC2F5BF00E09E7E /* PBXContainerItemProxy */ = {
			isa = PBXContainerItemProxy;
			containerPortal = 0E730AA01AC2F53A00E09E7E /* Project object */;
			proxyType = 1;
			remoteGlobalIDString = 0E730AD51AC2F5BF00E09E7E;
			remoteInfo = HagoitaKit;
		};
		0E730AE41AC2F5BF00E09E7E /* PBXContainerItemProxy */ = {
			isa = PBXContainerItemProxy;
			containerPortal = 0E730AA01AC2F53A00E09E7E /* Project object */;
			proxyType = 1;
			remoteGlobalIDString = 0E730AA71AC2F53A00E09E7E;
			remoteInfo = HagoitaProject;
		};
		0E730AEB1AC2F5BF00E09E7E /* PBXContainerItemProxy */ = {
			isa = PBXContainerItemProxy;
			containerPortal = 0E730AA01AC2F53A00E09E7E /* Project object */;
			proxyType = 1;
			remoteGlobalIDString = 0E730AD51AC2F5BF00E09E7E;
			remoteInfo = HagoitaKit;
		};
/* End PBXContainerItemProxy section */

/* Begin PBXCopyFilesBuildPhase section */
		0E730AF21AC2F5BF00E09E7E /* Embed Frameworks */ = {
			isa = PBXCopyFilesBuildPhase;
			buildActionMask = 2147483647;
			dstPath = "";
			dstSubfolderSpec = 10;
			files = (
				0E730AEE1AC2F5BF00E09E7E /* HagoitaKit.framework in Embed Frameworks */,
			);
			name = "Embed Frameworks";
			runOnlyForDeploymentPostprocessing = 0;
		};
/* End PBXCopyFilesBuildPhase section */

/* Begin PBXFileReference section */
		0E730AA81AC2F53A00E09E7E /* HagoitaProject.app */ = {isa = PBXFileReference; explicitFileType = wrapper.application; includeInIndex = 0; path = HagoitaProject.app; sourceTree = BUILT_PRODUCTS_DIR; };
		0E730AAC1AC2F53A00E09E7E /* Info.plist */ = {isa = PBXFileReference; lastKnownFileType = text.plist.xml; path = Info.plist; sourceTree = "<group>"; };
		0E730AAD1AC2F53A00E09E7E /* main.m */ = {isa = PBXFileReference; lastKnownFileType = sourcecode.c.objc; path = main.m; sourceTree = "<group>"; };
		0E730AAF1AC2F53A00E09E7E /* AppDelegate.h */ = {isa = PBXFileReference; lastKnownFileType = sourcecode.c.h; path = AppDelegate.h; sourceTree = "<group>"; };
		0E730AB01AC2F53A00E09E7E /* AppDelegate.m */ = {isa = PBXFileReference; lastKnownFileType = sourcecode.c.objc; path = AppDelegate.m; sourceTree = "<group>"; };
		0E730AB21AC2F53A00E09E7E /* ViewController.h */ = {isa = PBXFileReference; lastKnownFileType = sourcecode.c.h; path = ViewController.h; sourceTree = "<group>"; };
		0E730AB31AC2F53A00E09E7E /* ViewController.m */ = {isa = PBXFileReference; lastKnownFileType = sourcecode.c.objc; path = ViewController.m; sourceTree = "<group>"; };
		0E730AB61AC2F53A00E09E7E /* Base */ = {isa = PBXFileReference; lastKnownFileType = file.storyboard; name = Base; path = Base.lproj/Main.storyboard; sourceTree = "<group>"; };
		0E730AB81AC2F53A00E09E7E /* Images.xcassets */ = {isa = PBXFileReference; lastKnownFileType = folder.assetcatalog; path = Images.xcassets; sourceTree = "<group>"; };
		0E730ABB1AC2F53A00E09E7E /* Base */ = {isa = PBXFileReference; lastKnownFileType = file.xib; name = Base; path = Base.lproj/LaunchScreen.xib; sourceTree = "<group>"; };
		0E730AC11AC2F53A00E09E7E /* HagoitaProjectTests.xctest */ = {isa = PBXFileReference; explicitFileType = wrapper.cfbundle; includeInIndex = 0; path = HagoitaProjectTests.xctest; sourceTree = BUILT_PRODUCTS_DIR; };
		0E730AC61AC2F53A00E09E7E /* Info.plist */ = {isa = PBXFileReference; lastKnownFileType = text.plist.xml; path = Info.plist; sourceTree = "<group>"; };
		0E730AC71AC2F53A00E09E7E /* HagoitaProjectTests.m */ = {isa = PBXFileReference; lastKnownFileType = sourcecode.c.objc; path = HagoitaProjectTests.m; sourceTree = "<group>"; };
		0E730AD61AC2F5BF00E09E7E /* HagoitaKit.framework */ = {isa = PBXFileReference; explicitFileType = wrapper.framework; includeInIndex = 0; path = HagoitaKit.framework; sourceTree = BUILT_PRODUCTS_DIR; };
		0E730AD91AC2F5BF00E09E7E /* Info.plist */ = {isa = PBXFileReference; lastKnownFileType = text.plist.xml; path = Info.plist; sourceTree = "<group>"; };
		0E730ADA1AC2F5BF00E09E7E /* HagoitaKit.h */ = {isa = PBXFileReference; lastKnownFileType = sourcecode.c.h; path = HagoitaKit.h; sourceTree = "<group>"; };
		0E730AE01AC2F5BF00E09E7E /* HagoitaKitTests.xctest */ = {isa = PBXFileReference; explicitFileType = wrapper.cfbundle; includeInIndex = 0; path = HagoitaKitTests.xctest; sourceTree = BUILT_PRODUCTS_DIR; };
		0E730AE81AC2F5BF00E09E7E /* Info.plist */ = {isa = PBXFileReference; lastKnownFileType = text.plist.xml; path = Info.plist; sourceTree = "<group>"; };
		0E730AE91AC2F5BF00E09E7E /* HagoitaKitTests.m */ = {isa = PBXFileReference; lastKnownFileType = sourcecode.c.objc; path = HagoitaKitTests.m; sourceTree = "<group>"; };
		0E730AFB1AC4CDEA00E09E7E /* index.html */ = {isa = PBXFileReference; fileEncoding = 4; lastKnownFileType = text.html; path = index.html; sourceTree = "<group>"; };
		0E730AFD1AC5823500E09E7E /* HKURLProtocol.h */ = {isa = PBXFileReference; fileEncoding = 4; lastKnownFileType = sourcecode.c.h; path = HKURLProtocol.h; sourceTree = "<group>"; };
		0E730AFE1AC5823500E09E7E /* HKURLProtocol.m */ = {isa = PBXFileReference; fileEncoding = 4; lastKnownFileType = sourcecode.c.objc; path = HKURLProtocol.m; sourceTree = "<group>"; };
		0E730B001AC5996700E09E7E /* HKRESTServer.h */ = {isa = PBXFileReference; fileEncoding = 4; lastKnownFileType = sourcecode.c.h; path = HKRESTServer.h; sourceTree = "<group>"; };
		0E730B011AC5996700E09E7E /* HKRESTServer.m */ = {isa = PBXFileReference; fileEncoding = 4; lastKnownFileType = sourcecode.c.objc; path = HKRESTServer.m; sourceTree = "<group>"; };
/* End PBXFileReference section */

/* Begin PBXFrameworksBuildPhase section */
		0E730AA51AC2F53A00E09E7E /* Frameworks */ = {
			isa = PBXFrameworksBuildPhase;
			buildActionMask = 2147483647;
			files = (
				0E730AED1AC2F5BF00E09E7E /* HagoitaKit.framework in Frameworks */,
			);
			runOnlyForDeploymentPostprocessing = 0;
		};
		0E730ABE1AC2F53A00E09E7E /* Frameworks */ = {
			isa = PBXFrameworksBuildPhase;
			buildActionMask = 2147483647;
			files = (
			);
			runOnlyForDeploymentPostprocessing = 0;
		};
		0E730AD21AC2F5BF00E09E7E /* Frameworks */ = {
			isa = PBXFrameworksBuildPhase;
			buildActionMask = 2147483647;
			files = (
			);
			runOnlyForDeploymentPostprocessing = 0;
		};
		0E730ADD1AC2F5BF00E09E7E /* Frameworks */ = {
			isa = PBXFrameworksBuildPhase;
			buildActionMask = 2147483647;
			files = (
				0E730AE11AC2F5BF00E09E7E /* HagoitaKit.framework in Frameworks */,
			);
			runOnlyForDeploymentPostprocessing = 0;
		};
/* End PBXFrameworksBuildPhase section */

/* Begin PBXGroup section */
		0E730A9F1AC2F53A00E09E7E = {
			isa = PBXGroup;
			children = (
				0E730AAA1AC2F53A00E09E7E /* HagoitaProject */,
				0E730AC41AC2F53A00E09E7E /* HagoitaProjectTests */,
				0E730AD71AC2F5BF00E09E7E /* HagoitaKit */,
				0E730AE61AC2F5BF00E09E7E /* HagoitaKitTests */,
				0E730AA91AC2F53A00E09E7E /* Products */,
			);
			sourceTree = "<group>";
		};
		0E730AA91AC2F53A00E09E7E /* Products */ = {
			isa = PBXGroup;
			children = (
				0E730AA81AC2F53A00E09E7E /* HagoitaProject.app */,
				0E730AC11AC2F53A00E09E7E /* HagoitaProjectTests.xctest */,
				0E730AD61AC2F5BF00E09E7E /* HagoitaKit.framework */,
				0E730AE01AC2F5BF00E09E7E /* HagoitaKitTests.xctest */,
			);
			name = Products;
			sourceTree = "<group>";
		};
		0E730AAA1AC2F53A00E09E7E /* HagoitaProject */ = {
			isa = PBXGroup;
			children = (
				0E730AAF1AC2F53A00E09E7E /* AppDelegate.h */,
				0E730AB01AC2F53A00E09E7E /* AppDelegate.m */,
				0E730AB21AC2F53A00E09E7E /* ViewController.h */,
				0E730AB31AC2F53A00E09E7E /* ViewController.m */,
				0E730AB51AC2F53A00E09E7E /* Main.storyboard */,
				0E730AB81AC2F53A00E09E7E /* Images.xcassets */,
				0E730ABA1AC2F53A00E09E7E /* LaunchScreen.xib */,
				0E730AAB1AC2F53A00E09E7E /* Supporting Files */,
				0E730AFD1AC5823500E09E7E /* HKURLProtocol.h */,
				0E730AFE1AC5823500E09E7E /* HKURLProtocol.m */,
				0E730AFA1AC4CD3E00E09E7E /* Resource */,
			);
			path = HagoitaProject;
			sourceTree = "<group>";
		};
		0E730AAB1AC2F53A00E09E7E /* Supporting Files */ = {
			isa = PBXGroup;
			children = (
				0E730AAC1AC2F53A00E09E7E /* Info.plist */,
				0E730AAD1AC2F53A00E09E7E /* main.m */,
			);
			name = "Supporting Files";
			sourceTree = "<group>";
		};
		0E730AC41AC2F53A00E09E7E /* HagoitaProjectTests */ = {
			isa = PBXGroup;
			children = (
				0E730AC71AC2F53A00E09E7E /* HagoitaProjectTests.m */,
				0E730AC51AC2F53A00E09E7E /* Supporting Files */,
			);
			path = HagoitaProjectTests;
			sourceTree = "<group>";
		};
		0E730AC51AC2F53A00E09E7E /* Supporting Files */ = {
			isa = PBXGroup;
			children = (
				0E730AC61AC2F53A00E09E7E /* Info.plist */,
			);
			name = "Supporting Files";
			sourceTree = "<group>";
		};
		0E730AD71AC2F5BF00E09E7E /* HagoitaKit */ = {
			isa = PBXGroup;
			children = (
				0E730ADA1AC2F5BF00E09E7E /* HagoitaKit.h */,
				0E730AD81AC2F5BF00E09E7E /* Supporting Files */,
				0E730B001AC5996700E09E7E /* HKRESTServer.h */,
				0E730B011AC5996700E09E7E /* HKRESTServer.m */,
			);
			path = HagoitaKit;
			sourceTree = "<group>";
		};
		0E730AD81AC2F5BF00E09E7E /* Supporting Files */ = {
			isa = PBXGroup;
			children = (
				0E730AD91AC2F5BF00E09E7E /* Info.plist */,
			);
			name = "Supporting Files";
			sourceTree = "<group>";
		};
		0E730AE61AC2F5BF00E09E7E /* HagoitaKitTests */ = {
			isa = PBXGroup;
			children = (
				0E730AE91AC2F5BF00E09E7E /* HagoitaKitTests.m */,
				0E730AE71AC2F5BF00E09E7E /* Supporting Files */,
			);
			path = HagoitaKitTests;
			sourceTree = "<group>";
		};
		0E730AE71AC2F5BF00E09E7E /* Supporting Files */ = {
			isa = PBXGroup;
			children = (
				0E730AE81AC2F5BF00E09E7E /* Info.plist */,
			);
			name = "Supporting Files";
			sourceTree = "<group>";
		};
		0E730AFA1AC4CD3E00E09E7E /* Resource */ = {
			isa = PBXGroup;
			children = (
				0E730AFB1AC4CDEA00E09E7E /* index.html */,
			);
			path = Resource;
			sourceTree = "<group>";
		};
/* End PBXGroup section */

/* Begin PBXHeadersBuildPhase section */
		0E730AD31AC2F5BF00E09E7E /* Headers */ = {
			isa = PBXHeadersBuildPhase;
			buildActionMask = 2147483647;
			files = (
				0E730B021AC5996700E09E7E /* HKRESTServer.h in Headers */,
				0E730ADB1AC2F5BF00E09E7E /* HagoitaKit.h in Headers */,
			);
			runOnlyForDeploymentPostprocessing = 0;
		};
/* End PBXHeadersBuildPhase section */

/* Begin PBXNativeTarget section */
		0E730AA71AC2F53A00E09E7E /* HagoitaProject */ = {
			isa = PBXNativeTarget;
			buildConfigurationList = 0E730ACB1AC2F53A00E09E7E /* Build configuration list for PBXNativeTarget "HagoitaProject" */;
			buildPhases = (
				0E730AA41AC2F53A00E09E7E /* Sources */,
				0E730AA51AC2F53A00E09E7E /* Frameworks */,
				0E730AA61AC2F53A00E09E7E /* Resources */,
				0E730AF21AC2F5BF00E09E7E /* Embed Frameworks */,
			);
			buildRules = (
			);
			dependencies = (
				0E730AEC1AC2F5BF00E09E7E /* PBXTargetDependency */,
			);
			name = HagoitaProject;
			productName = HagoitaProject;
			productReference = 0E730AA81AC2F53A00E09E7E /* HagoitaProject.app */;
			productType = "com.apple.product-type.application";
		};
		0E730AC01AC2F53A00E09E7E /* HagoitaProjectTests */ = {
			isa = PBXNativeTarget;
			buildConfigurationList = 0E730ACE1AC2F53A00E09E7E /* Build configuration list for PBXNativeTarget "HagoitaProjectTests" */;
			buildPhases = (
				0E730ABD1AC2F53A00E09E7E /* Sources */,
				0E730ABE1AC2F53A00E09E7E /* Frameworks */,
				0E730ABF1AC2F53A00E09E7E /* Resources */,
			);
			buildRules = (
			);
			dependencies = (
				0E730AC31AC2F53A00E09E7E /* PBXTargetDependency */,
			);
			name = HagoitaProjectTests;
			productName = HagoitaProjectTests;
			productReference = 0E730AC11AC2F53A00E09E7E /* HagoitaProjectTests.xctest */;
			productType = "com.apple.product-type.bundle.unit-test";
		};
		0E730AD51AC2F5BF00E09E7E /* HagoitaKit */ = {
			isa = PBXNativeTarget;
			buildConfigurationList = 0E730AEF1AC2F5BF00E09E7E /* Build configuration list for PBXNativeTarget "HagoitaKit" */;
			buildPhases = (
				0E730AD11AC2F5BF00E09E7E /* Sources */,
				0E730AD21AC2F5BF00E09E7E /* Frameworks */,
				0E730AD31AC2F5BF00E09E7E /* Headers */,
				0E730AD41AC2F5BF00E09E7E /* Resources */,
			);
			buildRules = (
			);
			dependencies = (
			);
			name = HagoitaKit;
			productName = HagoitaKit;
			productReference = 0E730AD61AC2F5BF00E09E7E /* HagoitaKit.framework */;
			productType = "com.apple.product-type.framework";
		};
		0E730ADF1AC2F5BF00E09E7E /* HagoitaKitTests */ = {
			isa = PBXNativeTarget;
			buildConfigurationList = 0E730AF31AC2F5BF00E09E7E /* Build configuration list for PBXNativeTarget "HagoitaKitTests" */;
			buildPhases = (
				0E730ADC1AC2F5BF00E09E7E /* Sources */,
				0E730ADD1AC2F5BF00E09E7E /* Frameworks */,
				0E730ADE1AC2F5BF00E09E7E /* Resources */,
			);
			buildRules = (
			);
			dependencies = (
				0E730AE31AC2F5BF00E09E7E /* PBXTargetDependency */,
				0E730AE51AC2F5BF00E09E7E /* PBXTargetDependency */,
			);
			name = HagoitaKitTests;
			productName = HagoitaKitTests;
			productReference = 0E730AE01AC2F5BF00E09E7E /* HagoitaKitTests.xctest */;
			productType = "com.apple.product-type.bundle.unit-test";
		};
/* End PBXNativeTarget section */

/* Begin PBXProject section */
		0E730AA01AC2F53A00E09E7E /* Project object */ = {
			isa = PBXProject;
			attributes = {
				LastUpgradeCheck = 0620;
				ORGANIZATIONNAME = "YUSUKE KIMITA";
				TargetAttributes = {
					0E730AA71AC2F53A00E09E7E = {
						CreatedOnToolsVersion = 6.2;
					};
					0E730AC01AC2F53A00E09E7E = {
						CreatedOnToolsVersion = 6.2;
						TestTargetID = 0E730AA71AC2F53A00E09E7E;
					};
					0E730AD51AC2F5BF00E09E7E = {
						CreatedOnToolsVersion = 6.2;
					};
					0E730ADF1AC2F5BF00E09E7E = {
						CreatedOnToolsVersion = 6.2;
						TestTargetID = 0E730AA71AC2F53A00E09E7E;
					};
				};
			};
			buildConfigurationList = 0E730AA31AC2F53A00E09E7E /* Build configuration list for PBXProject "HagoitaProject" */;
			compatibilityVersion = "Xcode 3.2";
			developmentRegion = English;
			hasScannedForEncodings = 0;
			knownRegions = (
				en,
				Base,
			);
			mainGroup = 0E730A9F1AC2F53A00E09E7E;
			productRefGroup = 0E730AA91AC2F53A00E09E7E /* Products */;
			projectDirPath = "";
			projectRoot = "";
			targets = (
				0E730AA71AC2F53A00E09E7E /* HagoitaProject */,
				0E730AC01AC2F53A00E09E7E /* HagoitaProjectTests */,
				0E730AD51AC2F5BF00E09E7E /* HagoitaKit */,
				0E730ADF1AC2F5BF00E09E7E /* HagoitaKitTests */,
			);
		};
/* End PBXProject section */

/* Begin PBXResourcesBuildPhase section */
		0E730AA61AC2F53A00E09E7E /* Resources */ = {
			isa = PBXResourcesBuildPhase;
			buildActionMask = 2147483647;
			files = (
				0E730AB71AC2F53A00E09E7E /* Main.storyboard in Resources */,
				0E730AFC1AC4CDEA00E09E7E /* index.html in Resources */,
				0E730ABC1AC2F53A00E09E7E /* LaunchScreen.xib in Resources */,
				0E730AB91AC2F53A00E09E7E /* Images.xcassets in Resources */,
			);
			runOnlyForDeploymentPostprocessing = 0;
		};
		0E730ABF1AC2F53A00E09E7E /* Resources */ = {
			isa = PBXResourcesBuildPhase;
			buildActionMask = 2147483647;
			files = (
			);
			runOnlyForDeploymentPostprocessing = 0;
		};
		0E730AD41AC2F5BF00E09E7E /* Resources */ = {
			isa = PBXResourcesBuildPhase;
			buildActionMask = 2147483647;
			files = (
			);
			runOnlyForDeploymentPostprocessing = 0;
		};
		0E730ADE1AC2F5BF00E09E7E /* Resources */ = {
			isa = PBXResourcesBuildPhase;
			buildActionMask = 2147483647;
			files = (
			);
			runOnlyForDeploymentPostprocessing = 0;
		};
/* End PBXResourcesBuildPhase section */

/* Begin PBXSourcesBuildPhase section */
		0E730AA41AC2F53A00E09E7E /* Sources */ = {
			isa = PBXSourcesBuildPhase;
			buildActionMask = 2147483647;
			files = (
				0E730AB41AC2F53A00E09E7E /* ViewController.m in Sources */,
				0E730AFF1AC5823500E09E7E /* HKURLProtocol.m in Sources */,
				0E730AB11AC2F53A00E09E7E /* AppDelegate.m in Sources */,
				0E730AAE1AC2F53A00E09E7E /* main.m in Sources */,
			);
			runOnlyForDeploymentPostprocessing = 0;
		};
		0E730ABD1AC2F53A00E09E7E /* Sources */ = {
			isa = PBXSourcesBuildPhase;
			buildActionMask = 2147483647;
			files = (
				0E730AC81AC2F53A00E09E7E /* HagoitaProjectTests.m in Sources */,
			);
			runOnlyForDeploymentPostprocessing = 0;
		};
		0E730AD11AC2F5BF00E09E7E /* Sources */ = {
			isa = PBXSourcesBuildPhase;
			buildActionMask = 2147483647;
			files = (
				0E730B031AC5996700E09E7E /* HKRESTServer.m in Sources */,
			);
			runOnlyForDeploymentPostprocessing = 0;
		};
		0E730ADC1AC2F5BF00E09E7E /* Sources */ = {
			isa = PBXSourcesBuildPhase;
			buildActionMask = 2147483647;
			files = (
				0E730AEA1AC2F5BF00E09E7E /* HagoitaKitTests.m in Sources */,
			);
			runOnlyForDeploymentPostprocessing = 0;
		};
/* End PBXSourcesBuildPhase section */

/* Begin PBXTargetDependency section */
		0E730AC31AC2F53A00E09E7E /* PBXTargetDependency */ = {
			isa = PBXTargetDependency;
			target = 0E730AA71AC2F53A00E09E7E /* HagoitaProject */;
			targetProxy = 0E730AC21AC2F53A00E09E7E /* PBXContainerItemProxy */;
		};
		0E730AE31AC2F5BF00E09E7E /* PBXTargetDependency */ = {
			isa = PBXTargetDependency;
			target = 0E730AD51AC2F5BF00E09E7E /* HagoitaKit */;
			targetProxy = 0E730AE21AC2F5BF00E09E7E /* PBXContainerItemProxy */;
		};
		0E730AE51AC2F5BF00E09E7E /* PBXTargetDependency */ = {
			isa = PBXTargetDependency;
			target = 0E730AA71AC2F53A00E09E7E /* HagoitaProject */;
			targetProxy = 0E730AE41AC2F5BF00E09E7E /* PBXContainerItemProxy */;
		};
		0E730AEC1AC2F5BF00E09E7E /* PBXTargetDependency */ = {
			isa = PBXTargetDependency;
			target = 0E730AD51AC2F5BF00E09E7E /* HagoitaKit */;
			targetProxy = 0E730AEB1AC2F5BF00E09E7E /* PBXContainerItemProxy */;
		};
/* End PBXTargetDependency section */

/* Begin PBXVariantGroup section */
		0E730AB51AC2F53A00E09E7E /* Main.storyboard */ = {
			isa = PBXVariantGroup;
			children = (
				0E730AB61AC2F53A00E09E7E /* Base */,
			);
			name = Main.storyboard;
			sourceTree = "<group>";
		};
		0E730ABA1AC2F53A00E09E7E /* LaunchScreen.xib */ = {
			isa = PBXVariantGroup;
			children = (
				0E730ABB1AC2F53A00E09E7E /* Base */,
			);
			name = LaunchScreen.xib;
			sourceTree = "<group>";
		};
/* End PBXVariantGroup section */

/* Begin XCBuildConfiguration section */
		0E730AC91AC2F53A00E09E7E /* Debug */ = {
			isa = XCBuildConfiguration;
			buildSettings = {
				ALWAYS_SEARCH_USER_PATHS = NO;
				CLANG_CXX_LANGUAGE_STANDARD = "gnu++0x";
				CLANG_CXX_LIBRARY = "libc++";
				CLANG_ENABLE_MODULES = YES;
				CLANG_ENABLE_OBJC_ARC = YES;
				CLANG_WARN_BOOL_CONVERSION = YES;
				CLANG_WARN_CONSTANT_CONVERSION = YES;
				CLANG_WARN_DIRECT_OBJC_ISA_USAGE = YES_ERROR;
				CLANG_WARN_EMPTY_BODY = YES;
				CLANG_WARN_ENUM_CONVERSION = YES;
				CLANG_WARN_INT_CONVERSION = YES;
				CLANG_WARN_OBJC_ROOT_CLASS = YES_ERROR;
				CLANG_WARN_UNREACHABLE_CODE = YES;
				CLANG_WARN__DUPLICATE_METHOD_MATCH = YES;
				"CODE_SIGN_IDENTITY[sdk=iphoneos*]" = "iPhone Developer";
				COPY_PHASE_STRIP = NO;
				ENABLE_STRICT_OBJC_MSGSEND = YES;
				GCC_C_LANGUAGE_STANDARD = gnu99;
				GCC_DYNAMIC_NO_PIC = NO;
				GCC_OPTIMIZATION_LEVEL = 0;
				GCC_PREPROCESSOR_DEFINITIONS = (
					"DEBUG=1",
					"$(inherited)",
				);
				GCC_SYMBOLS_PRIVATE_EXTERN = NO;
				GCC_WARN_64_TO_32_BIT_CONVERSION = YES;
				GCC_WARN_ABOUT_RETURN_TYPE = YES_ERROR;
				GCC_WARN_UNDECLARED_SELECTOR = YES;
				GCC_WARN_UNINITIALIZED_AUTOS = YES_AGGRESSIVE;
				GCC_WARN_UNUSED_FUNCTION = YES;
				GCC_WARN_UNUSED_VARIABLE = YES;
				IPHONEOS_DEPLOYMENT_TARGET = 8.2;
				MTL_ENABLE_DEBUG_INFO = YES;
				ONLY_ACTIVE_ARCH = YES;
				SDKROOT = iphoneos;
			};
			name = Debug;
		};
		0E730ACA1AC2F53A00E09E7E /* Release */ = {
			isa = XCBuildConfiguration;
			buildSettings = {
				ALWAYS_SEARCH_USER_PATHS = NO;
				CLANG_CXX_LANGUAGE_STANDARD = "gnu++0x";
				CLANG_CXX_LIBRARY = "libc++";
				CLANG_ENABLE_MODULES = YES;
				CLANG_ENABLE_OBJC_ARC = YES;
				CLANG_WARN_BOOL_CONVERSION = YES;
				CLANG_WARN_CONSTANT_CONVERSION = YES;
				CLANG_WARN_DIRECT_OBJC_ISA_USAGE = YES_ERROR;
				CLANG_WARN_EMPTY_BODY = YES;
				CLANG_WARN_ENUM_CONVERSION = YES;
				CLANG_WARN_INT_CONVERSION = YES;
				CLANG_WARN_OBJC_ROOT_CLASS = YES_ERROR;
				CLANG_WARN_UNREACHABLE_CODE = YES;
				CLANG_WARN__DUPLICATE_METHOD_MATCH = YES;
				"CODE_SIGN_IDENTITY[sdk=iphoneos*]" = "iPhone Developer";
				COPY_PHASE_STRIP = NO;
				ENABLE_NS_ASSERTIONS = NO;
				ENABLE_STRICT_OBJC_MSGSEND = YES;
				GCC_C_LANGUAGE_STANDARD = gnu99;
				GCC_WARN_64_TO_32_BIT_CONVERSION = YES;
				GCC_WARN_ABOUT_RETURN_TYPE = YES_ERROR;
				GCC_WARN_UNDECLARED_SELECTOR = YES;
				GCC_WARN_UNINITIALIZED_AUTOS = YES_AGGRESSIVE;
				GCC_WARN_UNUSED_FUNCTION = YES;
				GCC_WARN_UNUSED_VARIABLE = YES;
				IPHONEOS_DEPLOYMENT_TARGET = 8.2;
				MTL_ENABLE_DEBUG_INFO = NO;
				SDKROOT = iphoneos;
				VALIDATE_PRODUCT = YES;
			};
			name = Release;
		};
		0E730ACC1AC2F53A00E09E7E /* Debug */ = {
			isa = XCBuildConfiguration;
			buildSettings = {
				ASSETCATALOG_COMPILER_APPICON_NAME = AppIcon;
				INFOPLIST_FILE = HagoitaProject/Info.plist;
				IPHONEOS_DEPLOYMENT_TARGET = 8.0;
				LD_RUNPATH_SEARCH_PATHS = "$(inherited) @executable_path/Frameworks";
				PRODUCT_NAME = "$(TARGET_NAME)";
				TARGETED_DEVICE_FAMILY = "1,2";
			};
			name = Debug;
		};
		0E730ACD1AC2F53A00E09E7E /* Release */ = {
			isa = XCBuildConfiguration;
			buildSettings = {
				ASSETCATALOG_COMPILER_APPICON_NAME = AppIcon;
				INFOPLIST_FILE = HagoitaProject/Info.plist;
				IPHONEOS_DEPLOYMENT_TARGET = 8.0;
				LD_RUNPATH_SEARCH_PATHS = "$(inherited) @executable_path/Frameworks";
				PRODUCT_NAME = "$(TARGET_NAME)";
				TARGETED_DEVICE_FAMILY = "1,2";
			};
			name = Release;
		};
		0E730ACF1AC2F53A00E09E7E /* Debug */ = {
			isa = XCBuildConfiguration;
			buildSettings = {
				BUNDLE_LOADER = "$(TEST_HOST)";
				FRAMEWORK_SEARCH_PATHS = (
					"$(SDKROOT)/Developer/Library/Frameworks",
					"$(inherited)",
				);
				GCC_PREPROCESSOR_DEFINITIONS = (
					"DEBUG=1",
					"$(inherited)",
				);
				INFOPLIST_FILE = HagoitaProjectTests/Info.plist;
				LD_RUNPATH_SEARCH_PATHS = "$(inherited) @executable_path/Frameworks @loader_path/Frameworks";
				PRODUCT_NAME = "$(TARGET_NAME)";
				TEST_HOST = "$(BUILT_PRODUCTS_DIR)/HagoitaProject.app/HagoitaProject";
			};
			name = Debug;
		};
		0E730AD01AC2F53A00E09E7E /* Release */ = {
			isa = XCBuildConfiguration;
			buildSettings = {
				BUNDLE_LOADER = "$(TEST_HOST)";
				FRAMEWORK_SEARCH_PATHS = (
					"$(SDKROOT)/Developer/Library/Frameworks",
					"$(inherited)",
				);
				INFOPLIST_FILE = HagoitaProjectTests/Info.plist;
				LD_RUNPATH_SEARCH_PATHS = "$(inherited) @executable_path/Frameworks @loader_path/Frameworks";
				PRODUCT_NAME = "$(TARGET_NAME)";
				TEST_HOST = "$(BUILT_PRODUCTS_DIR)/HagoitaProject.app/HagoitaProject";
			};
			name = Release;
		};
		0E730AF01AC2F5BF00E09E7E /* Debug */ = {
			isa = XCBuildConfiguration;
			buildSettings = {
				CURRENT_PROJECT_VERSION = 1;
				DEFINES_MODULE = YES;
				DYLIB_COMPATIBILITY_VERSION = 1;
				DYLIB_CURRENT_VERSION = 1;
				DYLIB_INSTALL_NAME_BASE = "@rpath";
				GCC_PREPROCESSOR_DEFINITIONS = (
					"DEBUG=1",
					"$(inherited)",
				);
				INFOPLIST_FILE = HagoitaKit/Info.plist;
				INSTALL_PATH = "$(LOCAL_LIBRARY_DIR)/Frameworks";
				LD_RUNPATH_SEARCH_PATHS = "$(inherited) @executable_path/Frameworks @loader_path/Frameworks";
				PRODUCT_NAME = "$(TARGET_NAME)";
				SKIP_INSTALL = YES;
				TARGETED_DEVICE_FAMILY = "1,2";
				VERSIONING_SYSTEM = "apple-generic";
				VERSION_INFO_PREFIX = "";
			};
			name = Debug;
		};
		0E730AF11AC2F5BF00E09E7E /* Release */ = {
			isa = XCBuildConfiguration;
			buildSettings = {
				CURRENT_PROJECT_VERSION = 1;
				DEFINES_MODULE = YES;
				DYLIB_COMPATIBILITY_VERSION = 1;
				DYLIB_CURRENT_VERSION = 1;
				DYLIB_INSTALL_NAME_BASE = "@rpath";
				INFOPLIST_FILE = HagoitaKit/Info.plist;
				INSTALL_PATH = "$(LOCAL_LIBRARY_DIR)/Frameworks";
				LD_RUNPATH_SEARCH_PATHS = "$(inherited) @executable_path/Frameworks @loader_path/Frameworks";
				PRODUCT_NAME = "$(TARGET_NAME)";
				SKIP_INSTALL = YES;
				TARGETED_DEVICE_FAMILY = "1,2";
				VERSIONING_SYSTEM = "apple-generic";
				VERSION_INFO_PREFIX = "";
			};
			name = Release;
		};
		0E730AF41AC2F5BF00E09E7E /* Debug */ = {
			isa = XCBuildConfiguration;
			buildSettings = {
				FRAMEWORK_SEARCH_PATHS = (
					"$(SDKROOT)/Developer/Library/Frameworks",
					"$(inherited)",
				);
				GCC_PREPROCESSOR_DEFINITIONS = (
					"DEBUG=1",
					"$(inherited)",
				);
				INFOPLIST_FILE = HagoitaKitTests/Info.plist;
				LD_RUNPATH_SEARCH_PATHS = "$(inherited) @executable_path/Frameworks @loader_path/Frameworks";
				PRODUCT_NAME = "$(TARGET_NAME)";
				TEST_HOST = "$(BUILT_PRODUCTS_DIR)/HagoitaProject.app/HagoitaProject";
			};
			name = Debug;
		};
		0E730AF51AC2F5BF00E09E7E /* Release */ = {
			isa = XCBuildConfiguration;
			buildSettings = {
				FRAMEWORK_SEARCH_PATHS = (
					"$(SDKROOT)/Developer/Library/Frameworks",
					"$(inherited)",
				);
				INFOPLIST_FILE = HagoitaKitTests/Info.plist;
				LD_RUNPATH_SEARCH_PATHS = "$(inherited) @executable_path/Frameworks @loader_path/Frameworks";
				PRODUCT_NAME = "$(TARGET_NAME)";
				TEST_HOST = "$(BUILT_PRODUCTS_DIR)/HagoitaProject.app/HagoitaProject";
			};
			name = Release;
		};
/* End XCBuildConfiguration section */

/* Begin XCConfigurationList section */
		0E730AA31AC2F53A00E09E7E /* Build configuration list for PBXProject "HagoitaProject" */ = {
			isa = XCConfigurationList;
			buildConfigurations = (
				0E730AC91AC2F53A00E09E7E /* Debug */,
				0E730ACA1AC2F53A00E09E7E /* Release */,
			);
			defaultConfigurationIsVisible = 0;
			defaultConfigurationName = Release;
		};
		0E730ACB1AC2F53A00E09E7E /* Build configuration list for PBXNativeTarget "HagoitaProject" */ = {
			isa = XCConfigurationList;
			buildConfigurations = (
				0E730ACC1AC2F53A00E09E7E /* Debug */,
				0E730ACD1AC2F53A00E09E7E /* Release */,
			);
			defaultConfigurationIsVisible = 0;
		};
		0E730ACE1AC2F53A00E09E7E /* Build configuration list for PBXNativeTarget "HagoitaProjectTests" */ = {
			isa = XCConfigurationList;
			buildConfigurations = (
				0E730ACF1AC2F53A00E09E7E /* Debug */,
				0E730AD01AC2F53A00E09E7E /* Release */,
			);
			defaultConfigurationIsVisible = 0;
		};
		0E730AEF1AC2F5BF00E09E7E /* Build configuration list for PBXNativeTarget "HagoitaKit" */ = {
			isa = XCConfigurationList;
			buildConfigurations = (
				0E730AF01AC2F5BF00E09E7E /* Debug */,
				0E730AF11AC2F5BF00E09E7E /* Release */,
			);
			defaultConfigurationIsVisible = 0;
		};
		0E730AF31AC2F5BF00E09E7E /* Build configuration list for PBXNativeTarget "HagoitaKitTests" */ = {
			isa = XCConfigurationList;
			buildConfigurations = (
				0E730AF41AC2F5BF00E09E7E /* Debug */,
				0E730AF51AC2F5BF00E09E7E /* Release */,
			);
			defaultConfigurationIsVisible = 0;
		};
/* End XCConfigurationList section */
	};
	rootObject = 0E730AA01AC2F53A00E09E7E /* Project object */;
}
